// !$*UTF8*$!
{
	archiveVersion = 1;
	classes = {
	};
	objectVersion = 56;
	objects = {

/* Begin PBXBuildFile section */
		E1E418ECE7AB086733399F4C /* Pods_Habitude.framework in Frameworks */ = {isa = PBXBuildFile; fileRef = 5B7B4AB44022D38A49755B4B /* Pods_Habitude.framework */; };
		F908113D2B82B0EF00071F4A /* BaseViewController.swift in Sources */ = {isa = PBXBuildFile; fileRef = F908113C2B82B0EF00071F4A /* BaseViewController.swift */; };
		F97371232A14093700EE611A /* RemindDayComponent.swift in Sources */ = {isa = PBXBuildFile; fileRef = F97371222A14093700EE611A /* RemindDayComponent.swift */; };
		F97371252A140D0200EE611A /* DayEnum.swift in Sources */ = {isa = PBXBuildFile; fileRef = F97371242A140D0200EE611A /* DayEnum.swift */; };
		F973712B2A155CAE00EE611A /* DrawViewController.swift in Sources */ = {isa = PBXBuildFile; fileRef = F973712A2A155CAE00EE611A /* DrawViewController.swift */; };
		F973712D2A155CC400EE611A /* DrawViewModelContracts.swift in Sources */ = {isa = PBXBuildFile; fileRef = F973712C2A155CC400EE611A /* DrawViewModelContracts.swift */; };
		F973712F2A155CCF00EE611A /* DrawViewModel.swift in Sources */ = {isa = PBXBuildFile; fileRef = F973712E2A155CCF00EE611A /* DrawViewModel.swift */; };
		F980C1382B7D559400F6A468 /* NotificationManager.swift in Sources */ = {isa = PBXBuildFile; fileRef = F980C1372B7D559400F6A468 /* NotificationManager.swift */; };
		F980C13A2B7D6DFD00F6A468 /* NotificationDetails.swift in Sources */ = {isa = PBXBuildFile; fileRef = F980C1392B7D6DFD00F6A468 /* NotificationDetails.swift */; };
		F980C13D2B7E7C1200F6A468 /* KeychainManager.swift in Sources */ = {isa = PBXBuildFile; fileRef = F980C13C2B7E7C1200F6A468 /* KeychainManager.swift */; };
		F980C1402B7E7CE500F6A468 /* KeychainSwift in Frameworks */ = {isa = PBXBuildFile; productRef = F980C13F2B7E7CE500F6A468 /* KeychainSwift */; };
		F980C1422B7EC28400F6A468 /* HabitView.swift in Sources */ = {isa = PBXBuildFile; fileRef = F980C1412B7EC28400F6A468 /* HabitView.swift */; };
		F9A565392A17BA9B00FC9DE7 /* LoginTypeEnum .swift in Sources */ = {isa = PBXBuildFile; fileRef = F9A565382A17BA9B00FC9DE7 /* LoginTypeEnum .swift */; };
		F9AC99D72A0790C400F50CE5 /* HabitudeTextField.swift in Sources */ = {isa = PBXBuildFile; fileRef = F9AC99D62A0790C400F50CE5 /* HabitudeTextField.swift */; };
		F9AC99D92A07998500F50CE5 /* LoginViewProtocol.swift in Sources */ = {isa = PBXBuildFile; fileRef = F9AC99D82A07998500F50CE5 /* LoginViewProtocol.swift */; };
		F9AC99DB2A079EA200F50CE5 /* UserBasic.swift in Sources */ = {isa = PBXBuildFile; fileRef = F9AC99DA2A079EA200F50CE5 /* UserBasic.swift */; };
		F9AC99DD2A07A48000F50CE5 /* SignUpViewModel.swift in Sources */ = {isa = PBXBuildFile; fileRef = F9AC99DC2A07A48000F50CE5 /* SignUpViewModel.swift */; };
		F9AC99DF2A07A4D600F50CE5 /* SignUpViewModelContract.swift in Sources */ = {isa = PBXBuildFile; fileRef = F9AC99DE2A07A4D600F50CE5 /* SignUpViewModelContract.swift */; };
		F9AC99E22A07A82700F50CE5 /* AuthenticationManager.swift in Sources */ = {isa = PBXBuildFile; fileRef = F9AC99E12A07A82700F50CE5 /* AuthenticationManager.swift */; };
		F9AC99E42A07A83D00F50CE5 /* AuthenticationContract.swift in Sources */ = {isa = PBXBuildFile; fileRef = F9AC99E32A07A83D00F50CE5 /* AuthenticationContract.swift */; };
		F9AC99E62A07AC7200F50CE5 /* AuthenticationDelegate.swift in Sources */ = {isa = PBXBuildFile; fileRef = F9AC99E52A07AC7200F50CE5 /* AuthenticationDelegate.swift */; };
		F9AC99E82A0AC96900F50CE5 /* ProfileViewModelContracts.swift in Sources */ = {isa = PBXBuildFile; fileRef = F9AC99E72A0AC96900F50CE5 /* ProfileViewModelContracts.swift */; };
		F9AC99EE2A0ACC6500F50CE5 /* UINavigationItem+Extension.swift in Sources */ = {isa = PBXBuildFile; fileRef = F9AC99ED2A0ACC6500F50CE5 /* UINavigationItem+Extension.swift */; };
		F9AC99F62A0AD5E600F50CE5 /* HomeViewModel.swift in Sources */ = {isa = PBXBuildFile; fileRef = F9AC99F52A0AD5E600F50CE5 /* HomeViewModel.swift */; };
		F9AC99F82A0AD5F500F50CE5 /* HomeViewModelContracts.swift in Sources */ = {isa = PBXBuildFile; fileRef = F9AC99F72A0AD5F500F50CE5 /* HomeViewModelContracts.swift */; };
		F9AC99FA2A0AD60100F50CE5 /* HomeViewController.swift in Sources */ = {isa = PBXBuildFile; fileRef = F9AC99F92A0AD60100F50CE5 /* HomeViewController.swift */; };
		F9AC99FC2A0AD8D000F50CE5 /* EmptyHabitView.swift in Sources */ = {isa = PBXBuildFile; fileRef = F9AC99FB2A0AD8D000F50CE5 /* EmptyHabitView.swift */; };
		F9AC9A022A0AE6B400F50CE5 /* AddHabitViewController.swift in Sources */ = {isa = PBXBuildFile; fileRef = F9AC9A012A0AE6B400F50CE5 /* AddHabitViewController.swift */; };
		F9AC9A042A0AE6C000F50CE5 /* AddHabitViewModel.swift in Sources */ = {isa = PBXBuildFile; fileRef = F9AC9A032A0AE6C000F50CE5 /* AddHabitViewModel.swift */; };
		F9AC9A062A0AE6D000F50CE5 /* AddHabitViewModelContracts.swift in Sources */ = {isa = PBXBuildFile; fileRef = F9AC9A052A0AE6D000F50CE5 /* AddHabitViewModelContracts.swift */; };
		F9BF32142B80BE6200499676 /* ProfileContract.swift in Sources */ = {isa = PBXBuildFile; fileRef = F9BF32132B80BE6200499676 /* ProfileContract.swift */; };
		F9BF32162B80BE8E00499676 /* ProfileManager.swift in Sources */ = {isa = PBXBuildFile; fileRef = F9BF32152B80BE8E00499676 /* ProfileManager.swift */; };
		F9BF32182B80E52B00499676 /* EditProfileViewModel.swift in Sources */ = {isa = PBXBuildFile; fileRef = F9BF32172B80E52B00499676 /* EditProfileViewModel.swift */; };
		F9BF321A2B80E65400499676 /* EditProfileViewModelContract.swift in Sources */ = {isa = PBXBuildFile; fileRef = F9BF32192B80E65400499676 /* EditProfileViewModelContract.swift */; };
		F9BF321C2B81E38400499676 /* Profile.swift in Sources */ = {isa = PBXBuildFile; fileRef = F9BF321B2B81E38400499676 /* Profile.swift */; };
		F9BF321F2B8220EE00499676 /* DrawingView.swift in Sources */ = {isa = PBXBuildFile; fileRef = F9BF321E2B8220EE00499676 /* DrawingView.swift */; };
		F9BF32222B824DC300499676 /* StrokeManager.swift in Sources */ = {isa = PBXBuildFile; fileRef = F9BF32212B824DC300499676 /* StrokeManager.swift */; };
		F9BF32242B8256E700499676 /* RecognizedInk.swift in Sources */ = {isa = PBXBuildFile; fileRef = F9BF32232B8256E700499676 /* RecognizedInk.swift */; };
		F9D6DEAB2B7BE63700E8CF8E /* HabitManagerContract.swift in Sources */ = {isa = PBXBuildFile; fileRef = F9D6DEAA2B7BE63700E8CF8E /* HabitManagerContract.swift */; };
		F9D6DEAF2B7BE66700E8CF8E /* HabitManager.swift in Sources */ = {isa = PBXBuildFile; fileRef = F9D6DEAE2B7BE66700E8CF8E /* HabitManager.swift */; };
		F9D6DEB22B7BE96200E8CF8E /* FirebaseFirestore in Frameworks */ = {isa = PBXBuildFile; productRef = F9D6DEB12B7BE96200E8CF8E /* FirebaseFirestore */; };
		F9D6DEB42B7BE96200E8CF8E /* FirebaseFirestoreCombine-Community in Frameworks */ = {isa = PBXBuildFile; productRef = F9D6DEB32B7BE96200E8CF8E /* FirebaseFirestoreCombine-Community */; };
		F9D6DEB62B7BE96200E8CF8E /* FirebaseFirestoreSwift in Frameworks */ = {isa = PBXBuildFile; productRef = F9D6DEB52B7BE96200E8CF8E /* FirebaseFirestoreSwift */; };
		F9D6DEBB2B7C009A00E8CF8E /* Habit.swift in Sources */ = {isa = PBXBuildFile; fileRef = F9D6DEBA2B7C009A00E8CF8E /* Habit.swift */; };
		F9FDAF9729F85FDD0004472E /* AppDelegate.swift in Sources */ = {isa = PBXBuildFile; fileRef = F9FDAF9629F85FDD0004472E /* AppDelegate.swift */; };
		F9FDAFA029F85FDE0004472E /* Assets.xcassets in Resources */ = {isa = PBXBuildFile; fileRef = F9FDAF9F29F85FDE0004472E /* Assets.xcassets */; };
		F9FDAFA329F85FDE0004472E /* LaunchScreen.storyboard in Resources */ = {isa = PBXBuildFile; fileRef = F9FDAFA129F85FDE0004472E /* LaunchScreen.storyboard */; };
		F9FDAFAD29F862650004472E /* GoogleService-Info.plist in Resources */ = {isa = PBXBuildFile; fileRef = F9FDAFAC29F862650004472E /* GoogleService-Info.plist */; };
		F9FDAFB029F863500004472E /* FirebaseAnalytics in Frameworks */ = {isa = PBXBuildFile; productRef = F9FDAFAF29F863500004472E /* FirebaseAnalytics */; };
		F9FDAFB229F863500004472E /* FirebaseAnalyticsOnDeviceConversion in Frameworks */ = {isa = PBXBuildFile; productRef = F9FDAFB129F863500004472E /* FirebaseAnalyticsOnDeviceConversion */; };
		F9FDAFB429F863500004472E /* FirebaseAnalyticsSwift in Frameworks */ = {isa = PBXBuildFile; productRef = F9FDAFB329F863500004472E /* FirebaseAnalyticsSwift */; };
		F9FDAFB629F863500004472E /* FirebaseAuth in Frameworks */ = {isa = PBXBuildFile; productRef = F9FDAFB529F863500004472E /* FirebaseAuth */; };
		F9FDAFB829F863500004472E /* FirebaseAuthCombine-Community in Frameworks */ = {isa = PBXBuildFile; productRef = F9FDAFB729F863500004472E /* FirebaseAuthCombine-Community */; };
		F9FDAFBA29F863500004472E /* FirebaseCrashlytics in Frameworks */ = {isa = PBXBuildFile; productRef = F9FDAFB929F863500004472E /* FirebaseCrashlytics */; };
		F9FDAFBC29F863500004472E /* FirebaseMessaging in Frameworks */ = {isa = PBXBuildFile; productRef = F9FDAFBB29F863500004472E /* FirebaseMessaging */; };
		F9FDAFBE29F863500004472E /* FirebaseRemoteConfig in Frameworks */ = {isa = PBXBuildFile; productRef = F9FDAFBD29F863500004472E /* FirebaseRemoteConfig */; };
		F9FDAFC029F863500004472E /* FirebaseRemoteConfigSwift in Frameworks */ = {isa = PBXBuildFile; productRef = F9FDAFBF29F863500004472E /* FirebaseRemoteConfigSwift */; };
		F9FDAFC229F863500004472E /* FirebaseStorage in Frameworks */ = {isa = PBXBuildFile; productRef = F9FDAFC129F863500004472E /* FirebaseStorage */; };
		F9FDAFC429F863500004472E /* FirebaseStorageCombine-Community in Frameworks */ = {isa = PBXBuildFile; productRef = F9FDAFC329F863500004472E /* FirebaseStorageCombine-Community */; };
		F9FDAFC729F865250004472E /* UIColor+Extensions.swift in Sources */ = {isa = PBXBuildFile; fileRef = F9FDAFC629F865250004472E /* UIColor+Extensions.swift */; };
		F9FDAFC929F866A30004472E /* UIFont+Extensions.swift in Sources */ = {isa = PBXBuildFile; fileRef = F9FDAFC829F866A30004472E /* UIFont+Extensions.swift */; };
		F9FDAFD129F86A110004472E /* SignUpViewController.swift in Sources */ = {isa = PBXBuildFile; fileRef = F9FDAFD029F86A110004472E /* SignUpViewController.swift */; };
		F9FDAFD629F86E4E0004472E /* LoginBottomView.swift in Sources */ = {isa = PBXBuildFile; fileRef = F9FDAFD529F86E4E0004472E /* LoginBottomView.swift */; };
		F9FDAFD829F9B4810004472E /* String+Extensions.swift in Sources */ = {isa = PBXBuildFile; fileRef = F9FDAFD729F9B4810004472E /* String+Extensions.swift */; };
		F9FDB01629F9BAD20004472E /* Poppins-ExtraLight.ttf in Resources */ = {isa = PBXBuildFile; fileRef = F9FDB00329F9BAD20004472E /* Poppins-ExtraLight.ttf */; };
		F9FDB01729F9BAD20004472E /* Poppins-ThinItalic.ttf in Resources */ = {isa = PBXBuildFile; fileRef = F9FDB00429F9BAD20004472E /* Poppins-ThinItalic.ttf */; };
		F9FDB01829F9BAD20004472E /* Poppins-ExtraLightItalic.ttf in Resources */ = {isa = PBXBuildFile; fileRef = F9FDB00529F9BAD20004472E /* Poppins-ExtraLightItalic.ttf */; };
		F9FDB01929F9BAD20004472E /* Poppins-BoldItalic.ttf in Resources */ = {isa = PBXBuildFile; fileRef = F9FDB00629F9BAD20004472E /* Poppins-BoldItalic.ttf */; };
		F9FDB01A29F9BAD20004472E /* Poppins-Light.ttf in Resources */ = {isa = PBXBuildFile; fileRef = F9FDB00729F9BAD20004472E /* Poppins-Light.ttf */; };
		F9FDB01B29F9BAD20004472E /* Poppins-Medium.ttf in Resources */ = {isa = PBXBuildFile; fileRef = F9FDB00829F9BAD20004472E /* Poppins-Medium.ttf */; };
		F9FDB01C29F9BAD20004472E /* Poppins-SemiBoldItalic.ttf in Resources */ = {isa = PBXBuildFile; fileRef = F9FDB00929F9BAD20004472E /* Poppins-SemiBoldItalic.ttf */; };
		F9FDB01D29F9BAD20004472E /* Poppins-ExtraBoldItalic.ttf in Resources */ = {isa = PBXBuildFile; fileRef = F9FDB00A29F9BAD20004472E /* Poppins-ExtraBoldItalic.ttf */; };
		F9FDB01E29F9BAD20004472E /* Poppins-ExtraBold.ttf in Resources */ = {isa = PBXBuildFile; fileRef = F9FDB00B29F9BAD20004472E /* Poppins-ExtraBold.ttf */; };
		F9FDB01F29F9BAD20004472E /* Poppins-BlackItalic.ttf in Resources */ = {isa = PBXBuildFile; fileRef = F9FDB00C29F9BAD20004472E /* Poppins-BlackItalic.ttf */; };
		F9FDB02029F9BAD20004472E /* OFL.txt in Resources */ = {isa = PBXBuildFile; fileRef = F9FDB00D29F9BAD20004472E /* OFL.txt */; };
		F9FDB02129F9BAD20004472E /* Poppins-Regular.ttf in Resources */ = {isa = PBXBuildFile; fileRef = F9FDB00E29F9BAD20004472E /* Poppins-Regular.ttf */; };
		F9FDB02229F9BAD20004472E /* Poppins-LightItalic.ttf in Resources */ = {isa = PBXBuildFile; fileRef = F9FDB00F29F9BAD20004472E /* Poppins-LightItalic.ttf */; };
		F9FDB02329F9BAD20004472E /* Poppins-Bold.ttf in Resources */ = {isa = PBXBuildFile; fileRef = F9FDB01029F9BAD20004472E /* Poppins-Bold.ttf */; };
		F9FDB02429F9BAD20004472E /* Poppins-Black.ttf in Resources */ = {isa = PBXBuildFile; fileRef = F9FDB01129F9BAD20004472E /* Poppins-Black.ttf */; };
		F9FDB02529F9BAD20004472E /* Poppins-Thin.ttf in Resources */ = {isa = PBXBuildFile; fileRef = F9FDB01229F9BAD20004472E /* Poppins-Thin.ttf */; };
		F9FDB02629F9BAD20004472E /* Poppins-SemiBold.ttf in Resources */ = {isa = PBXBuildFile; fileRef = F9FDB01329F9BAD20004472E /* Poppins-SemiBold.ttf */; };
		F9FDB02729F9BAD20004472E /* Poppins-Italic.ttf in Resources */ = {isa = PBXBuildFile; fileRef = F9FDB01429F9BAD20004472E /* Poppins-Italic.ttf */; };
		F9FDB02829F9BAD20004472E /* Poppins-MediumItalic.ttf in Resources */ = {isa = PBXBuildFile; fileRef = F9FDB01529F9BAD20004472E /* Poppins-MediumItalic.ttf */; };
		F9FDB02A29F9C15B0004472E /* View+Extensions.swift in Sources */ = {isa = PBXBuildFile; fileRef = F9FDB02929F9C15B0004472E /* View+Extensions.swift */; };
		F9FDB0352A0189FC0004472E /* ProfileViewController.swift in Sources */ = {isa = PBXBuildFile; fileRef = F9FDB0342A0189FC0004472E /* ProfileViewController.swift */; };
		F9FDB0372A018A080004472E /* ProfileViewModel.swift in Sources */ = {isa = PBXBuildFile; fileRef = F9FDB0362A018A080004472E /* ProfileViewModel.swift */; };
		F9FDB0392A018A8E0004472E /* UIViewController+Utils.swift in Sources */ = {isa = PBXBuildFile; fileRef = F9FDB0382A018A8E0004472E /* UIViewController+Utils.swift */; };
		F9FDB03D2A018EA70004472E /* Images.swift in Sources */ = {isa = PBXBuildFile; fileRef = F9FDB03C2A018EA70004472E /* Images.swift */; };
		F9FDB0402A02E7760004472E /* HabitudeTabBar.swift in Sources */ = {isa = PBXBuildFile; fileRef = F9FDB03F2A02E7760004472E /* HabitudeTabBar.swift */; };
		F9FDB0422A0424580004472E /* HabitudeCornerButton.swift in Sources */ = {isa = PBXBuildFile; fileRef = F9FDB0412A0424580004472E /* HabitudeCornerButton.swift */; };
		F9FDB0442A0429310004472E /* HabituteSharpButton.swift in Sources */ = {isa = PBXBuildFile; fileRef = F9FDB0432A0429310004472E /* HabituteSharpButton.swift */; };
		F9FDB0462A04385E0004472E /* EditProfileViewController.swift in Sources */ = {isa = PBXBuildFile; fileRef = F9FDB0452A04385E0004472E /* EditProfileViewController.swift */; };
		F9FDB0482A043ADB0004472E /* HabitudeProfileTextField.swift in Sources */ = {isa = PBXBuildFile; fileRef = F9FDB0472A043ADB0004472E /* HabitudeProfileTextField.swift */; };
/* End PBXBuildFile section */

/* Begin PBXFileReference section */
		09093A2693EEA6790601A23C /* Pods-Habitude.debug.xcconfig */ = {isa = PBXFileReference; includeInIndex = 1; lastKnownFileType = text.xcconfig; name = "Pods-Habitude.debug.xcconfig"; path = "Target Support Files/Pods-Habitude/Pods-Habitude.debug.xcconfig"; sourceTree = "<group>"; };
		4168204683FCA473C5FC1C00 /* Pods-Habitude.release.xcconfig */ = {isa = PBXFileReference; includeInIndex = 1; lastKnownFileType = text.xcconfig; name = "Pods-Habitude.release.xcconfig"; path = "Target Support Files/Pods-Habitude/Pods-Habitude.release.xcconfig"; sourceTree = "<group>"; };
		5B7B4AB44022D38A49755B4B /* Pods_Habitude.framework */ = {isa = PBXFileReference; explicitFileType = wrapper.framework; includeInIndex = 0; path = Pods_Habitude.framework; sourceTree = BUILT_PRODUCTS_DIR; };
		F908113C2B82B0EF00071F4A /* BaseViewController.swift */ = {isa = PBXFileReference; lastKnownFileType = sourcecode.swift; path = BaseViewController.swift; sourceTree = "<group>"; };
		F97371222A14093700EE611A /* RemindDayComponent.swift */ = {isa = PBXFileReference; lastKnownFileType = sourcecode.swift; path = RemindDayComponent.swift; sourceTree = "<group>"; };
		F97371242A140D0200EE611A /* DayEnum.swift */ = {isa = PBXFileReference; lastKnownFileType = sourcecode.swift; path = DayEnum.swift; sourceTree = "<group>"; };
		F973712A2A155CAE00EE611A /* DrawViewController.swift */ = {isa = PBXFileReference; lastKnownFileType = sourcecode.swift; path = DrawViewController.swift; sourceTree = "<group>"; };
		F973712C2A155CC400EE611A /* DrawViewModelContracts.swift */ = {isa = PBXFileReference; lastKnownFileType = sourcecode.swift; path = DrawViewModelContracts.swift; sourceTree = "<group>"; };
		F973712E2A155CCF00EE611A /* DrawViewModel.swift */ = {isa = PBXFileReference; lastKnownFileType = sourcecode.swift; path = DrawViewModel.swift; sourceTree = "<group>"; };
		F980C1372B7D559400F6A468 /* NotificationManager.swift */ = {isa = PBXFileReference; lastKnownFileType = sourcecode.swift; path = NotificationManager.swift; sourceTree = "<group>"; };
		F980C1392B7D6DFD00F6A468 /* NotificationDetails.swift */ = {isa = PBXFileReference; lastKnownFileType = sourcecode.swift; path = NotificationDetails.swift; sourceTree = "<group>"; };
		F980C13C2B7E7C1200F6A468 /* KeychainManager.swift */ = {isa = PBXFileReference; lastKnownFileType = sourcecode.swift; path = KeychainManager.swift; sourceTree = "<group>"; };
		F980C1412B7EC28400F6A468 /* HabitView.swift */ = {isa = PBXFileReference; lastKnownFileType = sourcecode.swift; path = HabitView.swift; sourceTree = "<group>"; };
		F9A565382A17BA9B00FC9DE7 /* LoginTypeEnum .swift */ = {isa = PBXFileReference; lastKnownFileType = sourcecode.swift; path = "LoginTypeEnum .swift"; sourceTree = "<group>"; };
		F9AC99D62A0790C400F50CE5 /* HabitudeTextField.swift */ = {isa = PBXFileReference; lastKnownFileType = sourcecode.swift; path = HabitudeTextField.swift; sourceTree = "<group>"; };
		F9AC99D82A07998500F50CE5 /* LoginViewProtocol.swift */ = {isa = PBXFileReference; lastKnownFileType = sourcecode.swift; path = LoginViewProtocol.swift; sourceTree = "<group>"; };
		F9AC99DA2A079EA200F50CE5 /* UserBasic.swift */ = {isa = PBXFileReference; lastKnownFileType = sourcecode.swift; path = UserBasic.swift; sourceTree = "<group>"; };
		F9AC99DC2A07A48000F50CE5 /* SignUpViewModel.swift */ = {isa = PBXFileReference; lastKnownFileType = sourcecode.swift; path = SignUpViewModel.swift; sourceTree = "<group>"; };
		F9AC99DE2A07A4D600F50CE5 /* SignUpViewModelContract.swift */ = {isa = PBXFileReference; lastKnownFileType = sourcecode.swift; path = SignUpViewModelContract.swift; sourceTree = "<group>"; };
		F9AC99E12A07A82700F50CE5 /* AuthenticationManager.swift */ = {isa = PBXFileReference; lastKnownFileType = sourcecode.swift; path = AuthenticationManager.swift; sourceTree = "<group>"; };
		F9AC99E32A07A83D00F50CE5 /* AuthenticationContract.swift */ = {isa = PBXFileReference; lastKnownFileType = sourcecode.swift; path = AuthenticationContract.swift; sourceTree = "<group>"; };
		F9AC99E52A07AC7200F50CE5 /* AuthenticationDelegate.swift */ = {isa = PBXFileReference; lastKnownFileType = sourcecode.swift; path = AuthenticationDelegate.swift; sourceTree = "<group>"; };
		F9AC99E72A0AC96900F50CE5 /* ProfileViewModelContracts.swift */ = {isa = PBXFileReference; lastKnownFileType = sourcecode.swift; path = ProfileViewModelContracts.swift; sourceTree = "<group>"; };
		F9AC99ED2A0ACC6500F50CE5 /* UINavigationItem+Extension.swift */ = {isa = PBXFileReference; lastKnownFileType = sourcecode.swift; path = "UINavigationItem+Extension.swift"; sourceTree = "<group>"; };
		F9AC99F52A0AD5E600F50CE5 /* HomeViewModel.swift */ = {isa = PBXFileReference; lastKnownFileType = sourcecode.swift; path = HomeViewModel.swift; sourceTree = "<group>"; };
		F9AC99F72A0AD5F500F50CE5 /* HomeViewModelContracts.swift */ = {isa = PBXFileReference; lastKnownFileType = sourcecode.swift; path = HomeViewModelContracts.swift; sourceTree = "<group>"; };
		F9AC99F92A0AD60100F50CE5 /* HomeViewController.swift */ = {isa = PBXFileReference; lastKnownFileType = sourcecode.swift; path = HomeViewController.swift; sourceTree = "<group>"; };
		F9AC99FB2A0AD8D000F50CE5 /* EmptyHabitView.swift */ = {isa = PBXFileReference; lastKnownFileType = sourcecode.swift; path = EmptyHabitView.swift; sourceTree = "<group>"; };
		F9AC9A012A0AE6B400F50CE5 /* AddHabitViewController.swift */ = {isa = PBXFileReference; lastKnownFileType = sourcecode.swift; path = AddHabitViewController.swift; sourceTree = "<group>"; };
		F9AC9A032A0AE6C000F50CE5 /* AddHabitViewModel.swift */ = {isa = PBXFileReference; lastKnownFileType = sourcecode.swift; path = AddHabitViewModel.swift; sourceTree = "<group>"; };
		F9AC9A052A0AE6D000F50CE5 /* AddHabitViewModelContracts.swift */ = {isa = PBXFileReference; lastKnownFileType = sourcecode.swift; path = AddHabitViewModelContracts.swift; sourceTree = "<group>"; };
		F9BF32132B80BE6200499676 /* ProfileContract.swift */ = {isa = PBXFileReference; lastKnownFileType = sourcecode.swift; path = ProfileContract.swift; sourceTree = "<group>"; };
		F9BF32152B80BE8E00499676 /* ProfileManager.swift */ = {isa = PBXFileReference; lastKnownFileType = sourcecode.swift; path = ProfileManager.swift; sourceTree = "<group>"; };
		F9BF32172B80E52B00499676 /* EditProfileViewModel.swift */ = {isa = PBXFileReference; lastKnownFileType = sourcecode.swift; path = EditProfileViewModel.swift; sourceTree = "<group>"; };
		F9BF32192B80E65400499676 /* EditProfileViewModelContract.swift */ = {isa = PBXFileReference; lastKnownFileType = sourcecode.swift; path = EditProfileViewModelContract.swift; sourceTree = "<group>"; };
		F9BF321B2B81E38400499676 /* Profile.swift */ = {isa = PBXFileReference; lastKnownFileType = sourcecode.swift; path = Profile.swift; sourceTree = "<group>"; };
		F9BF321E2B8220EE00499676 /* DrawingView.swift */ = {isa = PBXFileReference; lastKnownFileType = sourcecode.swift; path = DrawingView.swift; sourceTree = "<group>"; };
		F9BF32212B824DC300499676 /* StrokeManager.swift */ = {isa = PBXFileReference; lastKnownFileType = sourcecode.swift; path = StrokeManager.swift; sourceTree = "<group>"; };
		F9BF32232B8256E700499676 /* RecognizedInk.swift */ = {isa = PBXFileReference; lastKnownFileType = sourcecode.swift; path = RecognizedInk.swift; sourceTree = "<group>"; };
		F9D6DEAA2B7BE63700E8CF8E /* HabitManagerContract.swift */ = {isa = PBXFileReference; lastKnownFileType = sourcecode.swift; path = HabitManagerContract.swift; sourceTree = "<group>"; };
		F9D6DEAE2B7BE66700E8CF8E /* HabitManager.swift */ = {isa = PBXFileReference; lastKnownFileType = sourcecode.swift; path = HabitManager.swift; sourceTree = "<group>"; };
		F9D6DEBA2B7C009A00E8CF8E /* Habit.swift */ = {isa = PBXFileReference; lastKnownFileType = sourcecode.swift; path = Habit.swift; sourceTree = "<group>"; };
		F9FDAF9329F85FDD0004472E /* Habitude.app */ = {isa = PBXFileReference; explicitFileType = wrapper.application; includeInIndex = 0; path = Habitude.app; sourceTree = BUILT_PRODUCTS_DIR; };
		F9FDAF9629F85FDD0004472E /* AppDelegate.swift */ = {isa = PBXFileReference; lastKnownFileType = sourcecode.swift; path = AppDelegate.swift; sourceTree = "<group>"; };
		F9FDAF9F29F85FDE0004472E /* Assets.xcassets */ = {isa = PBXFileReference; lastKnownFileType = folder.assetcatalog; path = Assets.xcassets; sourceTree = "<group>"; };
		F9FDAFA229F85FDE0004472E /* Base */ = {isa = PBXFileReference; lastKnownFileType = file.storyboard; name = Base; path = Base.lproj/LaunchScreen.storyboard; sourceTree = "<group>"; };
		F9FDAFA429F85FDE0004472E /* Info.plist */ = {isa = PBXFileReference; lastKnownFileType = text.plist.xml; path = Info.plist; sourceTree = "<group>"; };
		F9FDAFAC29F862650004472E /* GoogleService-Info.plist */ = {isa = PBXFileReference; fileEncoding = 4; lastKnownFileType = text.plist.xml; path = "GoogleService-Info.plist"; sourceTree = "<group>"; };
		F9FDAFC629F865250004472E /* UIColor+Extensions.swift */ = {isa = PBXFileReference; lastKnownFileType = sourcecode.swift; path = "UIColor+Extensions.swift"; sourceTree = "<group>"; };
		F9FDAFC829F866A30004472E /* UIFont+Extensions.swift */ = {isa = PBXFileReference; lastKnownFileType = sourcecode.swift; path = "UIFont+Extensions.swift"; sourceTree = "<group>"; };
		F9FDAFD029F86A110004472E /* SignUpViewController.swift */ = {isa = PBXFileReference; lastKnownFileType = sourcecode.swift; path = SignUpViewController.swift; sourceTree = "<group>"; };
		F9FDAFD529F86E4E0004472E /* LoginBottomView.swift */ = {isa = PBXFileReference; lastKnownFileType = sourcecode.swift; path = LoginBottomView.swift; sourceTree = "<group>"; };
		F9FDAFD729F9B4810004472E /* String+Extensions.swift */ = {isa = PBXFileReference; lastKnownFileType = sourcecode.swift; path = "String+Extensions.swift"; sourceTree = "<group>"; };
		F9FDB00329F9BAD20004472E /* Poppins-ExtraLight.ttf */ = {isa = PBXFileReference; lastKnownFileType = file; path = "Poppins-ExtraLight.ttf"; sourceTree = "<group>"; };
		F9FDB00429F9BAD20004472E /* Poppins-ThinItalic.ttf */ = {isa = PBXFileReference; lastKnownFileType = file; path = "Poppins-ThinItalic.ttf"; sourceTree = "<group>"; };
		F9FDB00529F9BAD20004472E /* Poppins-ExtraLightItalic.ttf */ = {isa = PBXFileReference; lastKnownFileType = file; path = "Poppins-ExtraLightItalic.ttf"; sourceTree = "<group>"; };
		F9FDB00629F9BAD20004472E /* Poppins-BoldItalic.ttf */ = {isa = PBXFileReference; lastKnownFileType = file; path = "Poppins-BoldItalic.ttf"; sourceTree = "<group>"; };
		F9FDB00729F9BAD20004472E /* Poppins-Light.ttf */ = {isa = PBXFileReference; lastKnownFileType = file; path = "Poppins-Light.ttf"; sourceTree = "<group>"; };
		F9FDB00829F9BAD20004472E /* Poppins-Medium.ttf */ = {isa = PBXFileReference; lastKnownFileType = file; path = "Poppins-Medium.ttf"; sourceTree = "<group>"; };
		F9FDB00929F9BAD20004472E /* Poppins-SemiBoldItalic.ttf */ = {isa = PBXFileReference; lastKnownFileType = file; path = "Poppins-SemiBoldItalic.ttf"; sourceTree = "<group>"; };
		F9FDB00A29F9BAD20004472E /* Poppins-ExtraBoldItalic.ttf */ = {isa = PBXFileReference; lastKnownFileType = file; path = "Poppins-ExtraBoldItalic.ttf"; sourceTree = "<group>"; };
		F9FDB00B29F9BAD20004472E /* Poppins-ExtraBold.ttf */ = {isa = PBXFileReference; lastKnownFileType = file; path = "Poppins-ExtraBold.ttf"; sourceTree = "<group>"; };
		F9FDB00C29F9BAD20004472E /* Poppins-BlackItalic.ttf */ = {isa = PBXFileReference; lastKnownFileType = file; path = "Poppins-BlackItalic.ttf"; sourceTree = "<group>"; };
		F9FDB00D29F9BAD20004472E /* OFL.txt */ = {isa = PBXFileReference; fileEncoding = 4; lastKnownFileType = text; path = OFL.txt; sourceTree = "<group>"; };
		F9FDB00E29F9BAD20004472E /* Poppins-Regular.ttf */ = {isa = PBXFileReference; lastKnownFileType = file; path = "Poppins-Regular.ttf"; sourceTree = "<group>"; };
		F9FDB00F29F9BAD20004472E /* Poppins-LightItalic.ttf */ = {isa = PBXFileReference; lastKnownFileType = file; path = "Poppins-LightItalic.ttf"; sourceTree = "<group>"; };
		F9FDB01029F9BAD20004472E /* Poppins-Bold.ttf */ = {isa = PBXFileReference; lastKnownFileType = file; path = "Poppins-Bold.ttf"; sourceTree = "<group>"; };
		F9FDB01129F9BAD20004472E /* Poppins-Black.ttf */ = {isa = PBXFileReference; lastKnownFileType = file; path = "Poppins-Black.ttf"; sourceTree = "<group>"; };
		F9FDB01229F9BAD20004472E /* Poppins-Thin.ttf */ = {isa = PBXFileReference; lastKnownFileType = file; path = "Poppins-Thin.ttf"; sourceTree = "<group>"; };
		F9FDB01329F9BAD20004472E /* Poppins-SemiBold.ttf */ = {isa = PBXFileReference; lastKnownFileType = file; path = "Poppins-SemiBold.ttf"; sourceTree = "<group>"; };
		F9FDB01429F9BAD20004472E /* Poppins-Italic.ttf */ = {isa = PBXFileReference; lastKnownFileType = file; path = "Poppins-Italic.ttf"; sourceTree = "<group>"; };
		F9FDB01529F9BAD20004472E /* Poppins-MediumItalic.ttf */ = {isa = PBXFileReference; lastKnownFileType = file; path = "Poppins-MediumItalic.ttf"; sourceTree = "<group>"; };
		F9FDB02929F9C15B0004472E /* View+Extensions.swift */ = {isa = PBXFileReference; lastKnownFileType = sourcecode.swift; path = "View+Extensions.swift"; sourceTree = "<group>"; };
		F9FDB0342A0189FC0004472E /* ProfileViewController.swift */ = {isa = PBXFileReference; lastKnownFileType = sourcecode.swift; path = ProfileViewController.swift; sourceTree = "<group>"; };
		F9FDB0362A018A080004472E /* ProfileViewModel.swift */ = {isa = PBXFileReference; lastKnownFileType = sourcecode.swift; path = ProfileViewModel.swift; sourceTree = "<group>"; };
		F9FDB0382A018A8E0004472E /* UIViewController+Utils.swift */ = {isa = PBXFileReference; lastKnownFileType = sourcecode.swift; path = "UIViewController+Utils.swift"; sourceTree = "<group>"; };
		F9FDB03C2A018EA70004472E /* Images.swift */ = {isa = PBXFileReference; lastKnownFileType = sourcecode.swift; path = Images.swift; sourceTree = "<group>"; };
		F9FDB03F2A02E7760004472E /* HabitudeTabBar.swift */ = {isa = PBXFileReference; lastKnownFileType = sourcecode.swift; path = HabitudeTabBar.swift; sourceTree = "<group>"; };
		F9FDB0412A0424580004472E /* HabitudeCornerButton.swift */ = {isa = PBXFileReference; lastKnownFileType = sourcecode.swift; path = HabitudeCornerButton.swift; sourceTree = "<group>"; };
		F9FDB0432A0429310004472E /* HabituteSharpButton.swift */ = {isa = PBXFileReference; lastKnownFileType = sourcecode.swift; path = HabituteSharpButton.swift; sourceTree = "<group>"; };
		F9FDB0452A04385E0004472E /* EditProfileViewController.swift */ = {isa = PBXFileReference; lastKnownFileType = sourcecode.swift; path = EditProfileViewController.swift; sourceTree = "<group>"; };
		F9FDB0472A043ADB0004472E /* HabitudeProfileTextField.swift */ = {isa = PBXFileReference; lastKnownFileType = sourcecode.swift; path = HabitudeProfileTextField.swift; sourceTree = "<group>"; };
/* End PBXFileReference section */

/* Begin PBXFrameworksBuildPhase section */
		F9FDAF9029F85FDD0004472E /* Frameworks */ = {
			isa = PBXFrameworksBuildPhase;
			buildActionMask = 2147483647;
			files = (
				F9D6DEB42B7BE96200E8CF8E /* FirebaseFirestoreCombine-Community in Frameworks */,
				F9FDAFC429F863500004472E /* FirebaseStorageCombine-Community in Frameworks */,
				F9FDAFB429F863500004472E /* FirebaseAnalyticsSwift in Frameworks */,
				F9D6DEB62B7BE96200E8CF8E /* FirebaseFirestoreSwift in Frameworks */,
				F9FDAFB029F863500004472E /* FirebaseAnalytics in Frameworks */,
				F9FDAFBC29F863500004472E /* FirebaseMessaging in Frameworks */,
				F9FDAFC229F863500004472E /* FirebaseStorage in Frameworks */,
				F9D6DEB22B7BE96200E8CF8E /* FirebaseFirestore in Frameworks */,
				F9FDAFC029F863500004472E /* FirebaseRemoteConfigSwift in Frameworks */,
				F9FDAFB229F863500004472E /* FirebaseAnalyticsOnDeviceConversion in Frameworks */,
				F9FDAFBA29F863500004472E /* FirebaseCrashlytics in Frameworks */,
				F9FDAFB629F863500004472E /* FirebaseAuth in Frameworks */,
				F980C1402B7E7CE500F6A468 /* KeychainSwift in Frameworks */,
				F9FDAFB829F863500004472E /* FirebaseAuthCombine-Community in Frameworks */,
				F9FDAFBE29F863500004472E /* FirebaseRemoteConfig in Frameworks */,
				E1E418ECE7AB086733399F4C /* Pods_Habitude.framework in Frameworks */,
			);
			runOnlyForDeploymentPostprocessing = 0;
		};
/* End PBXFrameworksBuildPhase section */

/* Begin PBXGroup section */
		BBF329CBF413093034C89146 /* Pods */ = {
			isa = PBXGroup;
			children = (
				09093A2693EEA6790601A23C /* Pods-Habitude.debug.xcconfig */,
				4168204683FCA473C5FC1C00 /* Pods-Habitude.release.xcconfig */,
			);
			path = Pods;
			sourceTree = "<group>";
		};
		F90811432B83D33000071F4A /* Modules */ = {
			isa = PBXGroup;
			children = (
				F90811572B83EA3D00071F4A /* Profile */,
				F90811562B83EA0100071F4A /* Draw */,
				F908114E2B83E96200071F4A /* Home */,
				F9FDAFCB29F8696B0004472E /* Login */,
			);
			path = Modules;
			sourceTree = "<group>";
		};
		F90811452B83D35500071F4A /* Components */ = {
			isa = PBXGroup;
			children = (
				F9FDB03F2A02E7760004472E /* HabitudeTabBar.swift */,
				F9FDB0412A0424580004472E /* HabitudeCornerButton.swift */,
				F9FDB0432A0429310004472E /* HabituteSharpButton.swift */,
				F9FDB0472A043ADB0004472E /* HabitudeProfileTextField.swift */,
				F9AC99D62A0790C400F50CE5 /* HabitudeTextField.swift */,
				F9AC99FB2A0AD8D000F50CE5 /* EmptyHabitView.swift */,
				F980C1412B7EC28400F6A468 /* HabitView.swift */,
			);
			path = Components;
			sourceTree = "<group>";
		};
		F90811462B83D37100071F4A /* Network */ = {
			isa = PBXGroup;
			children = (
				F9BF32122B80BE4900499676 /* ProfileManager */,
				F9D6DEA92B7BE61600E8CF8E /* HabitManager */,
				F9D6DEA82B7BE60200E8CF8E /* AuthenticationManager */,
			);
			path = Network;
			sourceTree = "<group>";
		};
		F90811472B83D38400071F4A /* Utils */ = {
			isa = PBXGroup;
			children = (
				F9FDAFC629F865250004472E /* UIColor+Extensions.swift */,
				F9FDAFC829F866A30004472E /* UIFont+Extensions.swift */,
				F9FDAFD729F9B4810004472E /* String+Extensions.swift */,
				F9FDB02929F9C15B0004472E /* View+Extensions.swift */,
				F9FDB0382A018A8E0004472E /* UIViewController+Utils.swift */,
				F9FDB03C2A018EA70004472E /* Images.swift */,
				F9AC99ED2A0ACC6500F50CE5 /* UINavigationItem+Extension.swift */,
				F908113C2B82B0EF00071F4A /* BaseViewController.swift */,
			);
			path = Utils;
			sourceTree = "<group>";
		};
		F90811482B83E90200071F4A /* KeyChainManager */ = {
			isa = PBXGroup;
			children = (
				F980C13C2B7E7C1200F6A468 /* KeychainManager.swift */,
			);
			path = KeyChainManager;
			sourceTree = "<group>";
		};
		F90811492B83E91700071F4A /* StrokeManager */ = {
			isa = PBXGroup;
			children = (
				F9BF32212B824DC300499676 /* StrokeManager.swift */,
				F9BF32232B8256E700499676 /* RecognizedInk.swift */,
			);
			path = StrokeManager;
			sourceTree = "<group>";
		};
		F908114A2B83E92900071F4A /* NotificationManager */ = {
			isa = PBXGroup;
			children = (
				F980C1372B7D559400F6A468 /* NotificationManager.swift */,
				F980C1392B7D6DFD00F6A468 /* NotificationDetails.swift */,
			);
			path = NotificationManager;
			sourceTree = "<group>";
		};
		F908114E2B83E96200071F4A /* Home */ = {
			isa = PBXGroup;
			children = (
				F90811512B83E97100071F4A /* ViewModel */,
				F90811502B83E96D00071F4A /* View */,
				F908114F2B83E96700071F4A /* SubModules */,
			);
			path = Home;
			sourceTree = "<group>";
		};
		F908114F2B83E96700071F4A /* SubModules */ = {
			isa = PBXGroup;
			children = (
				F90811542B83E99600071F4A /* ViewModel */,
				F90811532B83E99200071F4A /* View */,
				F90811522B83E98D00071F4A /* Model */,
			);
			path = SubModules;
			sourceTree = "<group>";
		};
		F90811502B83E96D00071F4A /* View */ = {
			isa = PBXGroup;
			children = (
				F9AC99F92A0AD60100F50CE5 /* HomeViewController.swift */,
			);
			path = View;
			sourceTree = "<group>";
		};
		F90811512B83E97100071F4A /* ViewModel */ = {
			isa = PBXGroup;
			children = (
				F9AC99F52A0AD5E600F50CE5 /* HomeViewModel.swift */,
				F9AC99F72A0AD5F500F50CE5 /* HomeViewModelContracts.swift */,
			);
			path = ViewModel;
			sourceTree = "<group>";
		};
		F90811522B83E98D00071F4A /* Model */ = {
			isa = PBXGroup;
			children = (
			);
			path = Model;
			sourceTree = "<group>";
		};
		F90811532B83E99200071F4A /* View */ = {
			isa = PBXGroup;
			children = (
				F9AC9A012A0AE6B400F50CE5 /* AddHabitViewController.swift */,
				F90811552B83E9A700071F4A /* Components */,
			);
			path = View;
			sourceTree = "<group>";
		};
		F90811542B83E99600071F4A /* ViewModel */ = {
			isa = PBXGroup;
			children = (
				F9AC9A032A0AE6C000F50CE5 /* AddHabitViewModel.swift */,
				F9AC9A052A0AE6D000F50CE5 /* AddHabitViewModelContracts.swift */,
			);
			path = ViewModel;
			sourceTree = "<group>";
		};
		F90811552B83E9A700071F4A /* Components */ = {
			isa = PBXGroup;
			children = (
				F97371222A14093700EE611A /* RemindDayComponent.swift */,
				F97371242A140D0200EE611A /* DayEnum.swift */,
			);
			path = Components;
			sourceTree = "<group>";
		};
		F90811562B83EA0100071F4A /* Draw */ = {
			isa = PBXGroup;
			children = (
				F97371282A14257E00EE611A /* ViewModel */,
				F97371272A14257900EE611A /* View */,
			);
			path = Draw;
			sourceTree = "<group>";
		};
		F90811572B83EA3D00071F4A /* Profile */ = {
			isa = PBXGroup;
			children = (
				F908115B2B83EA5800071F4A /* View */,
				F908115A2B83EA5200071F4A /* ViewModel */,
				F90811592B83EA4C00071F4A /* Model */,
				F90811582B83EA4400071F4A /* SubModules */,
			);
			path = Profile;
			sourceTree = "<group>";
		};
		F90811582B83EA4400071F4A /* SubModules */ = {
			isa = PBXGroup;
			children = (
				F908115E2B83EA8200071F4A /* View */,
				F908115D2B83EA7700071F4A /* ViewModel */,
				F908115C2B83EA7200071F4A /* Model */,
			);
			path = SubModules;
			sourceTree = "<group>";
		};
		F90811592B83EA4C00071F4A /* Model */ = {
			isa = PBXGroup;
			children = (
				F9BF321B2B81E38400499676 /* Profile.swift */,
			);
			path = Model;
			sourceTree = "<group>";
		};
		F908115A2B83EA5200071F4A /* ViewModel */ = {
			isa = PBXGroup;
			children = (
				F9FDB0362A018A080004472E /* ProfileViewModel.swift */,
				F9AC99E72A0AC96900F50CE5 /* ProfileViewModelContracts.swift */,
			);
			path = ViewModel;
			sourceTree = "<group>";
		};
		F908115B2B83EA5800071F4A /* View */ = {
			isa = PBXGroup;
			children = (
				F9FDB0342A0189FC0004472E /* ProfileViewController.swift */,
			);
			path = View;
			sourceTree = "<group>";
		};
		F908115C2B83EA7200071F4A /* Model */ = {
			isa = PBXGroup;
			children = (
			);
			path = Model;
			sourceTree = "<group>";
		};
		F908115D2B83EA7700071F4A /* ViewModel */ = {
			isa = PBXGroup;
			children = (
				F9BF32172B80E52B00499676 /* EditProfileViewModel.swift */,
				F9BF32192B80E65400499676 /* EditProfileViewModelContract.swift */,
			);
			path = ViewModel;
			sourceTree = "<group>";
		};
		F908115E2B83EA8200071F4A /* View */ = {
			isa = PBXGroup;
			children = (
				F9FDB0452A04385E0004472E /* EditProfileViewController.swift */,
			);
			path = View;
			sourceTree = "<group>";
		};
		F97371272A14257900EE611A /* View */ = {
			isa = PBXGroup;
			children = (
				F9BF321D2B8220DB00499676 /* Components */,
				F973712A2A155CAE00EE611A /* DrawViewController.swift */,
			);
			name = View;
			path = ../..;
			sourceTree = "<group>";
		};
		F97371282A14257E00EE611A /* ViewModel */ = {
			isa = PBXGroup;
			children = (
				F973712C2A155CC400EE611A /* DrawViewModelContracts.swift */,
				F973712E2A155CCF00EE611A /* DrawViewModel.swift */,
			);
			name = ViewModel;
			path = ../..;
			sourceTree = "<group>";
		};
		F9BF32122B80BE4900499676 /* ProfileManager */ = {
			isa = PBXGroup;
			children = (
				F9BF32132B80BE6200499676 /* ProfileContract.swift */,
				F9BF32152B80BE8E00499676 /* ProfileManager.swift */,
			);
			name = ProfileManager;
			path = ..;
			sourceTree = "<group>";
		};
		F9BF321D2B8220DB00499676 /* Components */ = {
			isa = PBXGroup;
			children = (
				F9BF321E2B8220EE00499676 /* DrawingView.swift */,
			);
			name = Components;
			sourceTree = "<group>";
		};
		F9D6DEA82B7BE60200E8CF8E /* AuthenticationManager */ = {
			isa = PBXGroup;
			children = (
				F9AC99E12A07A82700F50CE5 /* AuthenticationManager.swift */,
				F9AC99E32A07A83D00F50CE5 /* AuthenticationContract.swift */,
				F9AC99E52A07AC7200F50CE5 /* AuthenticationDelegate.swift */,
			);
			name = AuthenticationManager;
			path = ..;
			sourceTree = "<group>";
		};
		F9D6DEA92B7BE61600E8CF8E /* HabitManager */ = {
			isa = PBXGroup;
			children = (
				F9D6DEAA2B7BE63700E8CF8E /* HabitManagerContract.swift */,
				F9D6DEAE2B7BE66700E8CF8E /* HabitManager.swift */,
				F9D6DEBA2B7C009A00E8CF8E /* Habit.swift */,
			);
			name = HabitManager;
			path = ..;
			sourceTree = "<group>";
		};
		F9D6DEB02B7BE96200E8CF8E /* Frameworks */ = {
			isa = PBXGroup;
			children = (
				5B7B4AB44022D38A49755B4B /* Pods_Habitude.framework */,
			);
			name = Frameworks;
			sourceTree = "<group>";
		};
		F9FDAF8A29F85FDD0004472E = {
			isa = PBXGroup;
			children = (
				F9FDAF9529F85FDD0004472E /* Habitude */,
				F9FDAF9429F85FDD0004472E /* Products */,
				F9D6DEB02B7BE96200E8CF8E /* Frameworks */,
				BBF329CBF413093034C89146 /* Pods */,
			);
			sourceTree = "<group>";
		};
		F9FDAF9429F85FDD0004472E /* Products */ = {
			isa = PBXGroup;
			children = (
				F9FDAF9329F85FDD0004472E /* Habitude.app */,
			);
			name = Products;
			sourceTree = "<group>";
		};
		F9FDAF9529F85FDD0004472E /* Habitude */ = {
			isa = PBXGroup;
			children = (
				F908114A2B83E92900071F4A /* NotificationManager */,
				F90811492B83E91700071F4A /* StrokeManager */,
				F90811482B83E90200071F4A /* KeyChainManager */,
				F90811472B83D38400071F4A /* Utils */,
				F90811462B83D37100071F4A /* Network */,
				F90811452B83D35500071F4A /* Components */,
				F90811432B83D33000071F4A /* Modules */,
				F9FDB00229F9BAD20004472E /* Poppins */,
				F9FDAFAB29F862420004472E /* App */,
			);
			path = Habitude;
			sourceTree = "<group>";
		};
		F9FDAFAB29F862420004472E /* App */ = {
			isa = PBXGroup;
			children = (
				F9FDAFAC29F862650004472E /* GoogleService-Info.plist */,
				F9FDAF9F29F85FDE0004472E /* Assets.xcassets */,
				F9FDAF9629F85FDD0004472E /* AppDelegate.swift */,
				F9FDAFA129F85FDE0004472E /* LaunchScreen.storyboard */,
				F9FDAFA429F85FDE0004472E /* Info.plist */,
			);
			name = App;
			sourceTree = "<group>";
		};
		F9FDAFCB29F8696B0004472E /* Login */ = {
			isa = PBXGroup;
			children = (
				F9FDAFCE29F8697E0004472E /* Model */,
				F9FDAFCD29F869750004472E /* ViewModel */,
				F9FDAFCC29F869710004472E /* View */,
			);
			name = Login;
			path = ..;
			sourceTree = "<group>";
		};
		F9FDAFCC29F869710004472E /* View */ = {
			isa = PBXGroup;
			children = (
				F9FDAFD429F86D7E0004472E /* Components */,
				F9FDAFD029F86A110004472E /* SignUpViewController.swift */,
			);
			name = View;
			sourceTree = "<group>";
		};
		F9FDAFCD29F869750004472E /* ViewModel */ = {
			isa = PBXGroup;
			children = (
				F9AC99DC2A07A48000F50CE5 /* SignUpViewModel.swift */,
				F9AC99DE2A07A4D600F50CE5 /* SignUpViewModelContract.swift */,
			);
			name = ViewModel;
			sourceTree = "<group>";
		};
		F9FDAFCE29F8697E0004472E /* Model */ = {
			isa = PBXGroup;
			children = (
				F9AC99DA2A079EA200F50CE5 /* UserBasic.swift */,
				F9A565382A17BA9B00FC9DE7 /* LoginTypeEnum .swift */,
			);
			name = Model;
			sourceTree = "<group>";
		};
		F9FDAFD429F86D7E0004472E /* Components */ = {
			isa = PBXGroup;
			children = (
				F9FDAFD529F86E4E0004472E /* LoginBottomView.swift */,
				F9AC99D82A07998500F50CE5 /* LoginViewProtocol.swift */,
			);
			name = Components;
			sourceTree = "<group>";
		};
		F9FDB00229F9BAD20004472E /* Poppins */ = {
			isa = PBXGroup;
			children = (
				F9FDB00329F9BAD20004472E /* Poppins-ExtraLight.ttf */,
				F9FDB00429F9BAD20004472E /* Poppins-ThinItalic.ttf */,
				F9FDB00529F9BAD20004472E /* Poppins-ExtraLightItalic.ttf */,
				F9FDB00629F9BAD20004472E /* Poppins-BoldItalic.ttf */,
				F9FDB00729F9BAD20004472E /* Poppins-Light.ttf */,
				F9FDB00829F9BAD20004472E /* Poppins-Medium.ttf */,
				F9FDB00929F9BAD20004472E /* Poppins-SemiBoldItalic.ttf */,
				F9FDB00A29F9BAD20004472E /* Poppins-ExtraBoldItalic.ttf */,
				F9FDB00B29F9BAD20004472E /* Poppins-ExtraBold.ttf */,
				F9FDB00C29F9BAD20004472E /* Poppins-BlackItalic.ttf */,
				F9FDB00D29F9BAD20004472E /* OFL.txt */,
				F9FDB00E29F9BAD20004472E /* Poppins-Regular.ttf */,
				F9FDB00F29F9BAD20004472E /* Poppins-LightItalic.ttf */,
				F9FDB01029F9BAD20004472E /* Poppins-Bold.ttf */,
				F9FDB01129F9BAD20004472E /* Poppins-Black.ttf */,
				F9FDB01229F9BAD20004472E /* Poppins-Thin.ttf */,
				F9FDB01329F9BAD20004472E /* Poppins-SemiBold.ttf */,
				F9FDB01429F9BAD20004472E /* Poppins-Italic.ttf */,
				F9FDB01529F9BAD20004472E /* Poppins-MediumItalic.ttf */,
			);
			path = Poppins;
			sourceTree = "<group>";
		};
/* End PBXGroup section */

/* Begin PBXNativeTarget section */
		F9FDAF9229F85FDD0004472E /* Habitude */ = {
			isa = PBXNativeTarget;
			buildConfigurationList = F9FDAFA729F85FDE0004472E /* Build configuration list for PBXNativeTarget "Habitude" */;
			buildPhases = (
				D8426BBC0AC9224B7869FC81 /* [CP] Check Pods Manifest.lock */,
				F9FDAF8F29F85FDD0004472E /* Sources */,
				F9FDAF9029F85FDD0004472E /* Frameworks */,
				F9FDAF9129F85FDD0004472E /* Resources */,
				014DD9ACE4CFD5922607D77B /* [CP] Embed Pods Frameworks */,
				B4B379853B5386522DA913C0 /* [CP] Copy Pods Resources */,
			);
			buildRules = (
			);
			dependencies = (
			);
			name = Habitude;
			packageProductDependencies = (
				F9FDAFAF29F863500004472E /* FirebaseAnalytics */,
				F9FDAFB129F863500004472E /* FirebaseAnalyticsOnDeviceConversion */,
				F9FDAFB329F863500004472E /* FirebaseAnalyticsSwift */,
				F9FDAFB529F863500004472E /* FirebaseAuth */,
				F9FDAFB729F863500004472E /* FirebaseAuthCombine-Community */,
				F9FDAFB929F863500004472E /* FirebaseCrashlytics */,
				F9FDAFBB29F863500004472E /* FirebaseMessaging */,
				F9FDAFBD29F863500004472E /* FirebaseRemoteConfig */,
				F9FDAFBF29F863500004472E /* FirebaseRemoteConfigSwift */,
				F9FDAFC129F863500004472E /* FirebaseStorage */,
				F9FDAFC329F863500004472E /* FirebaseStorageCombine-Community */,
				F9D6DEB12B7BE96200E8CF8E /* FirebaseFirestore */,
				F9D6DEB32B7BE96200E8CF8E /* FirebaseFirestoreCombine-Community */,
				F9D6DEB52B7BE96200E8CF8E /* FirebaseFirestoreSwift */,
				F980C13F2B7E7CE500F6A468 /* KeychainSwift */,
			);
			productName = Habitude;
			productReference = F9FDAF9329F85FDD0004472E /* Habitude.app */;
			productType = "com.apple.product-type.application";
		};
/* End PBXNativeTarget section */

/* Begin PBXProject section */
		F9FDAF8B29F85FDD0004472E /* Project object */ = {
			isa = PBXProject;
			attributes = {
				BuildIndependentTargetsInParallel = 1;
				LastSwiftUpdateCheck = 1430;
				LastUpgradeCheck = 1430;
				TargetAttributes = {
					F9FDAF9229F85FDD0004472E = {
						CreatedOnToolsVersion = 14.3;
					};
				};
			};
			buildConfigurationList = F9FDAF8E29F85FDD0004472E /* Build configuration list for PBXProject "Habitude" */;
			compatibilityVersion = "Xcode 14.0";
			developmentRegion = en;
			hasScannedForEncodings = 0;
			knownRegions = (
				en,
				Base,
			);
			mainGroup = F9FDAF8A29F85FDD0004472E;
			packageReferences = (
				F9FDAFAE29F863500004472E /* XCRemoteSwiftPackageReference "firebase-ios-sdk" */,
				F980C13E2B7E7CE500F6A468 /* XCRemoteSwiftPackageReference "keychain-swift" */,
			);
			productRefGroup = F9FDAF9429F85FDD0004472E /* Products */;
			projectDirPath = "";
			projectRoot = "";
			targets = (
				F9FDAF9229F85FDD0004472E /* Habitude */,
			);
		};
/* End PBXProject section */

/* Begin PBXResourcesBuildPhase section */
		F9FDAF9129F85FDD0004472E /* Resources */ = {
			isa = PBXResourcesBuildPhase;
			buildActionMask = 2147483647;
			files = (
				F9FDB02529F9BAD20004472E /* Poppins-Thin.ttf in Resources */,
				F9FDB02829F9BAD20004472E /* Poppins-MediumItalic.ttf in Resources */,
				F9FDB02029F9BAD20004472E /* OFL.txt in Resources */,
				F9FDB01829F9BAD20004472E /* Poppins-ExtraLightItalic.ttf in Resources */,
				F9FDB01F29F9BAD20004472E /* Poppins-BlackItalic.ttf in Resources */,
				F9FDB01629F9BAD20004472E /* Poppins-ExtraLight.ttf in Resources */,
				F9FDB02629F9BAD20004472E /* Poppins-SemiBold.ttf in Resources */,
				F9FDB01929F9BAD20004472E /* Poppins-BoldItalic.ttf in Resources */,
				F9FDB01A29F9BAD20004472E /* Poppins-Light.ttf in Resources */,
				F9FDB02429F9BAD20004472E /* Poppins-Black.ttf in Resources */,
				F9FDB02729F9BAD20004472E /* Poppins-Italic.ttf in Resources */,
				F9FDB01E29F9BAD20004472E /* Poppins-ExtraBold.ttf in Resources */,
				F9FDB02229F9BAD20004472E /* Poppins-LightItalic.ttf in Resources */,
				F9FDAFA329F85FDE0004472E /* LaunchScreen.storyboard in Resources */,
				F9FDB01C29F9BAD20004472E /* Poppins-SemiBoldItalic.ttf in Resources */,
				F9FDB02129F9BAD20004472E /* Poppins-Regular.ttf in Resources */,
				F9FDB01D29F9BAD20004472E /* Poppins-ExtraBoldItalic.ttf in Resources */,
				F9FDB02329F9BAD20004472E /* Poppins-Bold.ttf in Resources */,
				F9FDB01729F9BAD20004472E /* Poppins-ThinItalic.ttf in Resources */,
				F9FDB01B29F9BAD20004472E /* Poppins-Medium.ttf in Resources */,
				F9FDAFAD29F862650004472E /* GoogleService-Info.plist in Resources */,
				F9FDAFA029F85FDE0004472E /* Assets.xcassets in Resources */,
			);
			runOnlyForDeploymentPostprocessing = 0;
		};
/* End PBXResourcesBuildPhase section */

/* Begin PBXShellScriptBuildPhase section */
		014DD9ACE4CFD5922607D77B /* [CP] Embed Pods Frameworks */ = {
			isa = PBXShellScriptBuildPhase;
			buildActionMask = 2147483647;
			files = (
			);
			inputFileListPaths = (
				"${PODS_ROOT}/Target Support Files/Pods-Habitude/Pods-Habitude-frameworks-${CONFIGURATION}-input-files.xcfilelist",
			);
			name = "[CP] Embed Pods Frameworks";
			outputFileListPaths = (
				"${PODS_ROOT}/Target Support Files/Pods-Habitude/Pods-Habitude-frameworks-${CONFIGURATION}-output-files.xcfilelist",
			);
			runOnlyForDeploymentPostprocessing = 0;
			shellPath = /bin/sh;
			shellScript = "\"${PODS_ROOT}/Target Support Files/Pods-Habitude/Pods-Habitude-frameworks.sh\"\n";
			showEnvVarsInLog = 0;
		};
		B4B379853B5386522DA913C0 /* [CP] Copy Pods Resources */ = {
			isa = PBXShellScriptBuildPhase;
			buildActionMask = 2147483647;
			files = (
			);
			inputFileListPaths = (
				"${PODS_ROOT}/Target Support Files/Pods-Habitude/Pods-Habitude-resources-${CONFIGURATION}-input-files.xcfilelist",
			);
			name = "[CP] Copy Pods Resources";
			outputFileListPaths = (
				"${PODS_ROOT}/Target Support Files/Pods-Habitude/Pods-Habitude-resources-${CONFIGURATION}-output-files.xcfilelist",
			);
			runOnlyForDeploymentPostprocessing = 0;
			shellPath = /bin/sh;
			shellScript = "\"${PODS_ROOT}/Target Support Files/Pods-Habitude/Pods-Habitude-resources.sh\"\n";
			showEnvVarsInLog = 0;
		};
		D8426BBC0AC9224B7869FC81 /* [CP] Check Pods Manifest.lock */ = {
			isa = PBXShellScriptBuildPhase;
			buildActionMask = 2147483647;
			files = (
			);
			inputFileListPaths = (
			);
			inputPaths = (
				"${PODS_PODFILE_DIR_PATH}/Podfile.lock",
				"${PODS_ROOT}/Manifest.lock",
			);
			name = "[CP] Check Pods Manifest.lock";
			outputFileListPaths = (
			);
			outputPaths = (
				"$(DERIVED_FILE_DIR)/Pods-Habitude-checkManifestLockResult.txt",
			);
			runOnlyForDeploymentPostprocessing = 0;
			shellPath = /bin/sh;
			shellScript = "diff \"${PODS_PODFILE_DIR_PATH}/Podfile.lock\" \"${PODS_ROOT}/Manifest.lock\" > /dev/null\nif [ $? != 0 ] ; then\n    # print error to STDERR\n    echo \"error: The sandbox is not in sync with the Podfile.lock. Run 'pod install' or update your CocoaPods installation.\" >&2\n    exit 1\nfi\n# This output is used by Xcode 'outputs' to avoid re-running this script phase.\necho \"SUCCESS\" > \"${SCRIPT_OUTPUT_FILE_0}\"\n";
			showEnvVarsInLog = 0;
		};
/* End PBXShellScriptBuildPhase section */

/* Begin PBXSourcesBuildPhase section */
		F9FDAF8F29F85FDD0004472E /* Sources */ = {
			isa = PBXSourcesBuildPhase;
			buildActionMask = 2147483647;
			files = (
				F9BF321A2B80E65400499676 /* EditProfileViewModelContract.swift in Sources */,
				F9D6DEAF2B7BE66700E8CF8E /* HabitManager.swift in Sources */,
				F9BF32222B824DC300499676 /* StrokeManager.swift in Sources */,
				F9AC99EE2A0ACC6500F50CE5 /* UINavigationItem+Extension.swift in Sources */,
				F9AC99F82A0AD5F500F50CE5 /* HomeViewModelContracts.swift in Sources */,
				F9AC9A022A0AE6B400F50CE5 /* AddHabitViewController.swift in Sources */,
				F980C13D2B7E7C1200F6A468 /* KeychainManager.swift in Sources */,
				F980C1422B7EC28400F6A468 /* HabitView.swift in Sources */,
				F9A565392A17BA9B00FC9DE7 /* LoginTypeEnum .swift in Sources */,
				F980C13A2B7D6DFD00F6A468 /* NotificationDetails.swift in Sources */,
				F9BF32142B80BE6200499676 /* ProfileContract.swift in Sources */,
				F9FDB0482A043ADB0004472E /* HabitudeProfileTextField.swift in Sources */,
				F9FDB0462A04385E0004472E /* EditProfileViewController.swift in Sources */,
				F9AC99E62A07AC7200F50CE5 /* AuthenticationDelegate.swift in Sources */,
				F97371252A140D0200EE611A /* DayEnum.swift in Sources */,
				F973712F2A155CCF00EE611A /* DrawViewModel.swift in Sources */,
				F9AC99DD2A07A48000F50CE5 /* SignUpViewModel.swift in Sources */,
				F9AC99D72A0790C400F50CE5 /* HabitudeTextField.swift in Sources */,
				F973712B2A155CAE00EE611A /* DrawViewController.swift in Sources */,
				F9AC99E22A07A82700F50CE5 /* AuthenticationManager.swift in Sources */,
				F9FDB0422A0424580004472E /* HabitudeCornerButton.swift in Sources */,
				F9AC99FC2A0AD8D000F50CE5 /* EmptyHabitView.swift in Sources */,
				F9AC99D92A07998500F50CE5 /* LoginViewProtocol.swift in Sources */,
				F980C1382B7D559400F6A468 /* NotificationManager.swift in Sources */,
				F9AC9A062A0AE6D000F50CE5 /* AddHabitViewModelContracts.swift in Sources */,
				F9FDAFD129F86A110004472E /* SignUpViewController.swift in Sources */,
				F9AC99F62A0AD5E600F50CE5 /* HomeViewModel.swift in Sources */,
				F9FDB0402A02E7760004472E /* HabitudeTabBar.swift in Sources */,
				F9AC9A042A0AE6C000F50CE5 /* AddHabitViewModel.swift in Sources */,
				F9AC99E82A0AC96900F50CE5 /* ProfileViewModelContracts.swift in Sources */,
				F9D6DEAB2B7BE63700E8CF8E /* HabitManagerContract.swift in Sources */,
				F9D6DEBB2B7C009A00E8CF8E /* Habit.swift in Sources */,
				F9BF321F2B8220EE00499676 /* DrawingView.swift in Sources */,
				F9FDAFD629F86E4E0004472E /* LoginBottomView.swift in Sources */,
				F9AC99E42A07A83D00F50CE5 /* AuthenticationContract.swift in Sources */,
				F908113D2B82B0EF00071F4A /* BaseViewController.swift in Sources */,
				F9FDAFC729F865250004472E /* UIColor+Extensions.swift in Sources */,
				F973712D2A155CC400EE611A /* DrawViewModelContracts.swift in Sources */,
				F9FDB0372A018A080004472E /* ProfileViewModel.swift in Sources */,
				F9FDB03D2A018EA70004472E /* Images.swift in Sources */,
				F9AC99FA2A0AD60100F50CE5 /* HomeViewController.swift in Sources */,
				F9FDB02A29F9C15B0004472E /* View+Extensions.swift in Sources */,
				F9FDB0392A018A8E0004472E /* UIViewController+Utils.swift in Sources */,
				F9BF32182B80E52B00499676 /* EditProfileViewModel.swift in Sources */,
				F9FDB0442A0429310004472E /* HabituteSharpButton.swift in Sources */,
				F9BF32242B8256E700499676 /* RecognizedInk.swift in Sources */,
				F9FDAFC929F866A30004472E /* UIFont+Extensions.swift in Sources */,
				F9FDB0352A0189FC0004472E /* ProfileViewController.swift in Sources */,
				F97371232A14093700EE611A /* RemindDayComponent.swift in Sources */,
				F9BF32162B80BE8E00499676 /* ProfileManager.swift in Sources */,
				F9AC99DB2A079EA200F50CE5 /* UserBasic.swift in Sources */,
				F9BF321C2B81E38400499676 /* Profile.swift in Sources */,
				F9FDAFD829F9B4810004472E /* String+Extensions.swift in Sources */,
				F9FDAF9729F85FDD0004472E /* AppDelegate.swift in Sources */,
				F9AC99DF2A07A4D600F50CE5 /* SignUpViewModelContract.swift in Sources */,
			);
			runOnlyForDeploymentPostprocessing = 0;
		};
/* End PBXSourcesBuildPhase section */

/* Begin PBXVariantGroup section */
		F9FDAFA129F85FDE0004472E /* LaunchScreen.storyboard */ = {
			isa = PBXVariantGroup;
			children = (
				F9FDAFA229F85FDE0004472E /* Base */,
			);
			name = LaunchScreen.storyboard;
			sourceTree = "<group>";
		};
/* End PBXVariantGroup section */

/* Begin XCBuildConfiguration section */
		F9FDAFA529F85FDE0004472E /* Debug */ = {
			isa = XCBuildConfiguration;
			buildSettings = {
				ALWAYS_SEARCH_USER_PATHS = NO;
				CLANG_ANALYZER_NONNULL = YES;
				CLANG_ANALYZER_NUMBER_OBJECT_CONVERSION = YES_AGGRESSIVE;
				CLANG_CXX_LANGUAGE_STANDARD = "gnu++20";
				CLANG_ENABLE_MODULES = YES;
				CLANG_ENABLE_OBJC_ARC = YES;
				CLANG_ENABLE_OBJC_WEAK = YES;
				CLANG_WARN_BLOCK_CAPTURE_AUTORELEASING = YES;
				CLANG_WARN_BOOL_CONVERSION = YES;
				CLANG_WARN_COMMA = YES;
				CLANG_WARN_CONSTANT_CONVERSION = YES;
				CLANG_WARN_DEPRECATED_OBJC_IMPLEMENTATIONS = YES;
				CLANG_WARN_DIRECT_OBJC_ISA_USAGE = YES_ERROR;
				CLANG_WARN_DOCUMENTATION_COMMENTS = YES;
				CLANG_WARN_EMPTY_BODY = YES;
				CLANG_WARN_ENUM_CONVERSION = YES;
				CLANG_WARN_INFINITE_RECURSION = YES;
				CLANG_WARN_INT_CONVERSION = YES;
				CLANG_WARN_NON_LITERAL_NULL_CONVERSION = YES;
				CLANG_WARN_OBJC_IMPLICIT_RETAIN_SELF = YES;
				CLANG_WARN_OBJC_LITERAL_CONVERSION = YES;
				CLANG_WARN_OBJC_ROOT_CLASS = YES_ERROR;
				CLANG_WARN_QUOTED_INCLUDE_IN_FRAMEWORK_HEADER = YES;
				CLANG_WARN_RANGE_LOOP_ANALYSIS = YES;
				CLANG_WARN_STRICT_PROTOTYPES = YES;
				CLANG_WARN_SUSPICIOUS_MOVE = YES;
				CLANG_WARN_UNGUARDED_AVAILABILITY = YES_AGGRESSIVE;
				CLANG_WARN_UNREACHABLE_CODE = YES;
				CLANG_WARN__DUPLICATE_METHOD_MATCH = YES;
				COPY_PHASE_STRIP = NO;
				DEBUG_INFORMATION_FORMAT = dwarf;
				ENABLE_STRICT_OBJC_MSGSEND = YES;
				ENABLE_TESTABILITY = YES;
				GCC_C_LANGUAGE_STANDARD = gnu11;
				GCC_DYNAMIC_NO_PIC = NO;
				GCC_NO_COMMON_BLOCKS = YES;
				GCC_OPTIMIZATION_LEVEL = 0;
				GCC_PREPROCESSOR_DEFINITIONS = (
					"DEBUG=1",
					"$(inherited)",
				);
				GCC_WARN_64_TO_32_BIT_CONVERSION = YES;
				GCC_WARN_ABOUT_RETURN_TYPE = YES_ERROR;
				GCC_WARN_UNDECLARED_SELECTOR = YES;
				GCC_WARN_UNINITIALIZED_AUTOS = YES_AGGRESSIVE;
				GCC_WARN_UNUSED_FUNCTION = YES;
				GCC_WARN_UNUSED_VARIABLE = YES;
				IPHONEOS_DEPLOYMENT_TARGET = 16.4;
				MTL_ENABLE_DEBUG_INFO = INCLUDE_SOURCE;
				MTL_FAST_MATH = YES;
				ONLY_ACTIVE_ARCH = YES;
				SDKROOT = iphoneos;
				SWIFT_ACTIVE_COMPILATION_CONDITIONS = DEBUG;
				SWIFT_OPTIMIZATION_LEVEL = "-Onone";
			};
			name = Debug;
		};
		F9FDAFA629F85FDE0004472E /* Release */ = {
			isa = XCBuildConfiguration;
			buildSettings = {
				ALWAYS_SEARCH_USER_PATHS = NO;
				CLANG_ANALYZER_NONNULL = YES;
				CLANG_ANALYZER_NUMBER_OBJECT_CONVERSION = YES_AGGRESSIVE;
				CLANG_CXX_LANGUAGE_STANDARD = "gnu++20";
				CLANG_ENABLE_MODULES = YES;
				CLANG_ENABLE_OBJC_ARC = YES;
				CLANG_ENABLE_OBJC_WEAK = YES;
				CLANG_WARN_BLOCK_CAPTURE_AUTORELEASING = YES;
				CLANG_WARN_BOOL_CONVERSION = YES;
				CLANG_WARN_COMMA = YES;
				CLANG_WARN_CONSTANT_CONVERSION = YES;
				CLANG_WARN_DEPRECATED_OBJC_IMPLEMENTATIONS = YES;
				CLANG_WARN_DIRECT_OBJC_ISA_USAGE = YES_ERROR;
				CLANG_WARN_DOCUMENTATION_COMMENTS = YES;
				CLANG_WARN_EMPTY_BODY = YES;
				CLANG_WARN_ENUM_CONVERSION = YES;
				CLANG_WARN_INFINITE_RECURSION = YES;
				CLANG_WARN_INT_CONVERSION = YES;
				CLANG_WARN_NON_LITERAL_NULL_CONVERSION = YES;
				CLANG_WARN_OBJC_IMPLICIT_RETAIN_SELF = YES;
				CLANG_WARN_OBJC_LITERAL_CONVERSION = YES;
				CLANG_WARN_OBJC_ROOT_CLASS = YES_ERROR;
				CLANG_WARN_QUOTED_INCLUDE_IN_FRAMEWORK_HEADER = YES;
				CLANG_WARN_RANGE_LOOP_ANALYSIS = YES;
				CLANG_WARN_STRICT_PROTOTYPES = YES;
				CLANG_WARN_SUSPICIOUS_MOVE = YES;
				CLANG_WARN_UNGUARDED_AVAILABILITY = YES_AGGRESSIVE;
				CLANG_WARN_UNREACHABLE_CODE = YES;
				CLANG_WARN__DUPLICATE_METHOD_MATCH = YES;
				COPY_PHASE_STRIP = NO;
				DEBUG_INFORMATION_FORMAT = "dwarf-with-dsym";
				ENABLE_NS_ASSERTIONS = NO;
				ENABLE_STRICT_OBJC_MSGSEND = YES;
				GCC_C_LANGUAGE_STANDARD = gnu11;
				GCC_NO_COMMON_BLOCKS = YES;
				GCC_WARN_64_TO_32_BIT_CONVERSION = YES;
				GCC_WARN_ABOUT_RETURN_TYPE = YES_ERROR;
				GCC_WARN_UNDECLARED_SELECTOR = YES;
				GCC_WARN_UNINITIALIZED_AUTOS = YES_AGGRESSIVE;
				GCC_WARN_UNUSED_FUNCTION = YES;
				GCC_WARN_UNUSED_VARIABLE = YES;
				IPHONEOS_DEPLOYMENT_TARGET = 16.4;
				MTL_ENABLE_DEBUG_INFO = NO;
				MTL_FAST_MATH = YES;
				SDKROOT = iphoneos;
				SWIFT_COMPILATION_MODE = wholemodule;
				SWIFT_OPTIMIZATION_LEVEL = "-O";
				VALIDATE_PRODUCT = YES;
			};
			name = Release;
		};
		F9FDAFA829F85FDE0004472E /* Debug */ = {
			isa = XCBuildConfiguration;
			baseConfigurationReference = 09093A2693EEA6790601A23C /* Pods-Habitude.debug.xcconfig */;
			buildSettings = {
				ASSETCATALOG_COMPILER_APPICON_NAME = AppIcon;
				ASSETCATALOG_COMPILER_GLOBAL_ACCENT_COLOR_NAME = AccentColor;
				CODE_SIGN_STYLE = Automatic;
				CURRENT_PROJECT_VERSION = 1;
				DEVELOPMENT_TEAM = 9S589SULTS;
				GENERATE_INFOPLIST_FILE = YES;
				INFOPLIST_FILE = Habitude/Info.plist;
				INFOPLIST_KEY_UIApplicationSupportsIndirectInputEvents = YES;
				INFOPLIST_KEY_UILaunchStoryboardName = LaunchScreen;
				INFOPLIST_KEY_UISupportedInterfaceOrientations_iPad = "UIInterfaceOrientationPortrait UIInterfaceOrientationPortraitUpsideDown UIInterfaceOrientationLandscapeLeft UIInterfaceOrientationLandscapeRight";
				INFOPLIST_KEY_UISupportedInterfaceOrientations_iPhone = "UIInterfaceOrientationPortrait UIInterfaceOrientationLandscapeLeft UIInterfaceOrientationLandscapeRight";
				IPHONEOS_DEPLOYMENT_TARGET = 14.0;
				LD_RUNPATH_SEARCH_PATHS = (
					"$(inherited)",
					"@executable_path/Frameworks",
				);
				MARKETING_VERSION = 1.0;
				PRODUCT_BUNDLE_IDENTIFIER = com.atacansevim.Habitude;
				PRODUCT_NAME = "$(TARGET_NAME)";
				SWIFT_EMIT_LOC_STRINGS = YES;
				SWIFT_VERSION = 5.0;
				TARGETED_DEVICE_FAMILY = "1,2";
			};
			name = Debug;
		};
		F9FDAFA929F85FDE0004472E /* Release */ = {
			isa = XCBuildConfiguration;
			baseConfigurationReference = 4168204683FCA473C5FC1C00 /* Pods-Habitude.release.xcconfig */;
			buildSettings = {
				ASSETCATALOG_COMPILER_APPICON_NAME = AppIcon;
				ASSETCATALOG_COMPILER_GLOBAL_ACCENT_COLOR_NAME = AccentColor;
				CODE_SIGN_STYLE = Automatic;
				CURRENT_PROJECT_VERSION = 1;
				DEVELOPMENT_TEAM = 9S589SULTS;
				GENERATE_INFOPLIST_FILE = YES;
				INFOPLIST_FILE = Habitude/Info.plist;
				INFOPLIST_KEY_UIApplicationSupportsIndirectInputEvents = YES;
				INFOPLIST_KEY_UILaunchStoryboardName = LaunchScreen;
				INFOPLIST_KEY_UISupportedInterfaceOrientations_iPad = "UIInterfaceOrientationPortrait UIInterfaceOrientationPortraitUpsideDown UIInterfaceOrientationLandscapeLeft UIInterfaceOrientationLandscapeRight";
				INFOPLIST_KEY_UISupportedInterfaceOrientations_iPhone = "UIInterfaceOrientationPortrait UIInterfaceOrientationLandscapeLeft UIInterfaceOrientationLandscapeRight";
				IPHONEOS_DEPLOYMENT_TARGET = 14.0;
				LD_RUNPATH_SEARCH_PATHS = (
					"$(inherited)",
					"@executable_path/Frameworks",
				);
				MARKETING_VERSION = 1.0;
				PRODUCT_BUNDLE_IDENTIFIER = com.atacansevim.Habitude;
				PRODUCT_NAME = "$(TARGET_NAME)";
				SWIFT_EMIT_LOC_STRINGS = YES;
				SWIFT_VERSION = 5.0;
				TARGETED_DEVICE_FAMILY = "1,2";
			};
			name = Release;
		};
/* End XCBuildConfiguration section */

/* Begin XCConfigurationList section */
		F9FDAF8E29F85FDD0004472E /* Build configuration list for PBXProject "Habitude" */ = {
			isa = XCConfigurationList;
			buildConfigurations = (
				F9FDAFA529F85FDE0004472E /* Debug */,
				F9FDAFA629F85FDE0004472E /* Release */,
			);
			defaultConfigurationIsVisible = 0;
			defaultConfigurationName = Release;
		};
		F9FDAFA729F85FDE0004472E /* Build configuration list for PBXNativeTarget "Habitude" */ = {
			isa = XCConfigurationList;
			buildConfigurations = (
				F9FDAFA829F85FDE0004472E /* Debug */,
				F9FDAFA929F85FDE0004472E /* Release */,
			);
			defaultConfigurationIsVisible = 0;
			defaultConfigurationName = Release;
		};
/* End XCConfigurationList section */

/* Begin XCRemoteSwiftPackageReference section */
		F980C13E2B7E7CE500F6A468 /* XCRemoteSwiftPackageReference "keychain-swift" */ = {
			isa = XCRemoteSwiftPackageReference;
			repositoryURL = "https://github.com/evgenyneu/keychain-swift";
			requirement = {
				kind = upToNextMajorVersion;
				minimumVersion = 21.0.0;
			};
		};
		F9FDAFAE29F863500004472E /* XCRemoteSwiftPackageReference "firebase-ios-sdk" */ = {
			isa = XCRemoteSwiftPackageReference;
			repositoryURL = "https://github.com/firebase/firebase-ios-sdk.git";
			requirement = {
				kind = upToNextMajorVersion;
				minimumVersion = 10.0.0;
			};
		};
/* End XCRemoteSwiftPackageReference section */

/* Begin XCSwiftPackageProductDependency section */
		F980C13F2B7E7CE500F6A468 /* KeychainSwift */ = {
			isa = XCSwiftPackageProductDependency;
			package = F980C13E2B7E7CE500F6A468 /* XCRemoteSwiftPackageReference "keychain-swift" */;
			productName = KeychainSwift;
		};
		F9D6DEB12B7BE96200E8CF8E /* FirebaseFirestore */ = {
			isa = XCSwiftPackageProductDependency;
			package = F9FDAFAE29F863500004472E /* XCRemoteSwiftPackageReference "firebase-ios-sdk" */;
			productName = FirebaseFirestore;
		};
		F9D6DEB32B7BE96200E8CF8E /* FirebaseFirestoreCombine-Community */ = {
			isa = XCSwiftPackageProductDependency;
			package = F9FDAFAE29F863500004472E /* XCRemoteSwiftPackageReference "firebase-ios-sdk" */;
			productName = "FirebaseFirestoreCombine-Community";
		};
		F9D6DEB52B7BE96200E8CF8E /* FirebaseFirestoreSwift */ = {
			isa = XCSwiftPackageProductDependency;
			package = F9FDAFAE29F863500004472E /* XCRemoteSwiftPackageReference "firebase-ios-sdk" */;
			productName = FirebaseFirestoreSwift;
		};
		F9FDAFAF29F863500004472E /* FirebaseAnalytics */ = {
			isa = XCSwiftPackageProductDependency;
			package = F9FDAFAE29F863500004472E /* XCRemoteSwiftPackageReference "firebase-ios-sdk" */;
			productName = FirebaseAnalytics;
		};
		F9FDAFB129F863500004472E /* FirebaseAnalyticsOnDeviceConversion */ = {
			isa = XCSwiftPackageProductDependency;
			package = F9FDAFAE29F863500004472E /* XCRemoteSwiftPackageReference "firebase-ios-sdk" */;
			productName = FirebaseAnalyticsOnDeviceConversion;
		};
		F9FDAFB329F863500004472E /* FirebaseAnalyticsSwift */ = {
			isa = XCSwiftPackageProductDependency;
			package = F9FDAFAE29F863500004472E /* XCRemoteSwiftPackageReference "firebase-ios-sdk" */;
			productName = FirebaseAnalyticsSwift;
		};
		F9FDAFB529F863500004472E /* FirebaseAuth */ = {
			isa = XCSwiftPackageProductDependency;
			package = F9FDAFAE29F863500004472E /* XCRemoteSwiftPackageReference "firebase-ios-sdk" */;
			productName = FirebaseAuth;
		};
		F9FDAFB729F863500004472E /* FirebaseAuthCombine-Community */ = {
			isa = XCSwiftPackageProductDependency;
			package = F9FDAFAE29F863500004472E /* XCRemoteSwiftPackageReference "firebase-ios-sdk" */;
			productName = "FirebaseAuthCombine-Community";
		};
		F9FDAFB929F863500004472E /* FirebaseCrashlytics */ = {
			isa = XCSwiftPackageProductDependency;
			package = F9FDAFAE29F863500004472E /* XCRemoteSwiftPackageReference "firebase-ios-sdk" */;
			productName = FirebaseCrashlytics;
		};
		F9FDAFBB29F863500004472E /* FirebaseMessaging */ = {
			isa = XCSwiftPackageProductDependency;
			package = F9FDAFAE29F863500004472E /* XCRemoteSwiftPackageReference "firebase-ios-sdk" */;
			productName = FirebaseMessaging;
		};
		F9FDAFBD29F863500004472E /* FirebaseRemoteConfig */ = {
			isa = XCSwiftPackageProductDependency;
			package = F9FDAFAE29F863500004472E /* XCRemoteSwiftPackageReference "firebase-ios-sdk" */;
			productName = FirebaseRemoteConfig;
		};
		F9FDAFBF29F863500004472E /* FirebaseRemoteConfigSwift */ = {
			isa = XCSwiftPackageProductDependency;
			package = F9FDAFAE29F863500004472E /* XCRemoteSwiftPackageReference "firebase-ios-sdk" */;
			productName = FirebaseRemoteConfigSwift;
		};
		F9FDAFC129F863500004472E /* FirebaseStorage */ = {
			isa = XCSwiftPackageProductDependency;
			package = F9FDAFAE29F863500004472E /* XCRemoteSwiftPackageReference "firebase-ios-sdk" */;
			productName = FirebaseStorage;
		};
		F9FDAFC329F863500004472E /* FirebaseStorageCombine-Community */ = {
			isa = XCSwiftPackageProductDependency;
			package = F9FDAFAE29F863500004472E /* XCRemoteSwiftPackageReference "firebase-ios-sdk" */;
			productName = "FirebaseStorageCombine-Community";
		};
/* End XCSwiftPackageProductDependency section */
	};
	rootObject = F9FDAF8B29F85FDD0004472E /* Project object */;
}
